
Microsoft Visual Studio Solution File, Format Version 12.00
# Visual Studio Version 17
VisualStudioVersion = 17.5.002.0
MinimumVisualStudioVersion = 10.0.40219.1
Project("{9A19103F-16F7-4668-BE54-9A1E7A4F7556}") = "TextEditor", "TextEditor.csproj", "{8D34231B-6417-4013-BEEC-6CAE678EE7AD}"
EndProject
Global
	GlobalSection(SolutionConfigurationPlatforms) = preSolution
		Debug|Any CPU = Debug|Any CPU
		Release|Any CPU = Release|Any CPU
	EndGlobalSection
	GlobalSection(ProjectConfigurationPlatforms) = postSolution
		{8D34231B-6417-4013-BEEC-6CAE678EE7AD}.Debug|Any CPU.ActiveCfg = Debug|Any CPU
		{8D34231B-6417-4013-BEEC-6CAE678EE7AD}.Debug|Any CPU.Build.0 = Debug|Any CPU
		{8D34231B-6417-4013-BEEC-6CAE678EE7AD}.Release|Any CPU.ActiveCfg = Release|Any CPU
		{8D34231B-6417-4013-BEEC-6CAE678EE7AD}.Release|Any CPU.Build.0 = Release|Any CPU
	EndGlobalSection
	GlobalSection(SolutionProperties) = preSolution
		HideSolutionNode = FALSE
	EndGlobalSection
	GlobalSection(ExtensibilityGlobals) = postSolution
		SolutionGuid = {7BC12BFB-ED29-4A64-8C1B-D612BB3375AA}
	EndGlobalSection
EndGlobal
